# @generated by Move, please check-in and do not edit manually.

[move]
version = 3
manifest_digest = "31917623194DD5AB37F7553BA2DDEFC463744D1161EB542E920E972D76E41C2E"
deps_digest = "F8BBB0CCB2491CA29A3DF03D6F92277A4F3574266507ACD77214D37ECA3F3082"
dependencies = [
  { id = "Sui", name = "Sui" },
]

[[move.package]]
id = "MoveStdlib"
source = { git = "https://github.com/MystenLabs/sui.git", rev = "framework/testnet", subdir = "crates/sui-framework/packages/move-stdlib" }

[[move.package]]
id = "Sui"
source = { git = "https://github.com/MystenLabs/sui.git", rev = "framework/testnet", subdir = "crates/sui-framework/packages/sui-framework" }

dependencies = [
  { id = "MoveStdlib", name = "MoveStdlib" },
]

[move.toolchain-version]
compiler-version = "1.48.0"
edition = "2024"
flavor = "sui"

[env]

[env.localnet]
chain-id = "8f1a0b03"
original-published-id = "0x752d161af4ec503c1ac8336d1b69e7a5078aee5ad31b70396e68875f4fe1a386"
latest-published-id = "0x752d161af4ec503c1ac8336d1b69e7a5078aee5ad31b70396e68875f4fe1a386"
published-version = "1"
